
Microsoft Visual Studio Solution File, Format Version 9.00
# Visual Studio 2005
Project("{8BC9CEB8-8B4A-11D0-8D11-00A0C91BC942}") = "Project_0", "P0.vcproj", "{A613868B-ADEC-44C3-A9C5-0BCFA37C62BC}"
EndProject
Global
	GlobalSection(SolutionConfigurationPlatforms) = preSolution
		Debug|Win32 = Debug|Win32
		Release|Win32 = Release|Win32
	EndGlobalSection
	GlobalSection(ProjectConfigurationPlatforms) = postSolution
		{A613868B-ADEC-44C3-A9C5-0BCFA37C62BC}.Debug|Win32.ActiveCfg = Debug|Win32
		{A613868B-ADEC-44C3-A9C5-0BCFA37C62BC}.Debug|Win32.Build.0 = Debug|Win32
		{A613868B-ADEC-44C3-A9C5-0BCFA37C62BC}.Release|Win32.ActiveCfg = Release|Win32
		{A613868B-ADEC-44C3-A9C5-0BCFA37C62BC}.Release|Win32.Build.0 = Release|Win32
	EndGlobalSection
	GlobalSection(SolutionProperties) = preSolution
		HideSolutionNode = FALSE
	EndGlobalSection
	GlobalSection(ExtensibilityGlobals) = postSolution
		AMDCaProjectFile = C:\Boulot\Project0\AML\trunk\P0\CodeAnalyst\P0.caw
	EndGlobalSection
EndGlobal
