<?xml version="1.0"?>
<!DOCTYPE Code::Blocks_project_file>
<Code::Blocks_project_file>
	<FileVersion major="1" minor="1"/>
	<Project>
		<Option title="SDLwrap"/>
		<Option makefile="Makefile"/>
		<Option makefile_is_custom="0"/>
		<Option default_target="1"/>
		<Option compiler="0"/>
		<Build>
			<Target title="staticlib-debug">
				<Option output="bin\libSDLwrap.debug.a"/>
				<Option working_dir=""/>
				<Option object_output="obj"/>
				<Option deps_output=".deps"/>
				<Option external_deps=""/>
				<Option type="2"/>
				<Option compiler="0"/>
				<Option projectIncludeDirsRelation="0"/>
				<Option projectResourceIncludeDirsRelation="2"/>
				<Compiler>
					<Add option="-Wall"/>
					<Add option="-g"/>
				</Compiler>
			</Target>
			<Target title="test-debug">
				<Option output="test\SDLtest.exe"/>
				<Option working_dir="test"/>
				<Option object_output="obj"/>
				<Option deps_output=".deps"/>
				<Option external_deps=""/>
				<Option type="1"/>
				<Option compiler="0"/>
				<Option projectLinkerOptionsRelation="2"/>
				<Option projectIncludeDirsRelation="0"/>
				<Option projectResourceIncludeDirsRelation="1"/>
				<Option projectLibDirsRelation="0"/>
				<Compiler>
					<Add option="-Wall"/>
					<Add option="-pg"/>
					<Add option="-g"/>
				</Compiler>
				<Linker>
					<Add option="-pg -lgmon"/>
					<Add library="bin\libSDLwrap.debug.a"/>
				</Linker>
			</Target>
			<Target title="staticlib-optimised">
				<Option output="bin\libSDLwrap.a"/>
				<Option working_dir=""/>
				<Option object_output="obj"/>
				<Option deps_output=".deps"/>
				<Option external_deps=""/>
				<Option type="2"/>
				<Option compiler="0"/>
				<Option projectIncludeDirsRelation="0"/>
				<Option projectResourceIncludeDirsRelation="2"/>
				<Option projectLibDirsRelation="0"/>
				<Compiler>
					<Add option="-fexpensive-optimizations"/>
					<Add option="-Os"/>
					<Add option="-O3"/>
					<Add option="-O2"/>
					<Add option="-O1"/>
					<Add option="-O"/>
					<Add option="-W"/>
				</Compiler>
				<Linker>
					<Add option="-s"/>
				</Linker>
			</Target>
		</Build>
		<Compiler>
			<Add option="-pedantic"/>
			<Add option="-W"/>
			<Add directory="include"/>
		</Compiler>
		<Linker>
			<Add library="opengl32"/>
			<Add library="SDL"/>
			<Add library="SDLmain"/>
		</Linker>
		<Unit filename="include\Interface3D.hh">
			<Option compilerVar=""/>
			<Option compile="0"/>
			<Option link="0"/>
			<Option target="staticlib-debug"/>
			<Option target="staticlib-optimised"/>
			<Option target="test-debug"/>
		</Unit>
		<Unit filename="include\SDLBaseSurface.hh">
			<Option compilerVar=""/>
			<Option compile="0"/>
			<Option link="0"/>
			<Option target="staticlib-debug"/>
			<Option target="staticlib-optimised"/>
			<Option target="test-debug"/>
		</Unit>
		<Unit filename="include\SDLColor.hh">
			<Option compilerVar=""/>
			<Option compile="0"/>
			<Option link="0"/>
			<Option target="staticlib-debug"/>
			<Option target="staticlib-optimised"/>
			<Option target="test-debug"/>
		</Unit>
		<Unit filename="include\SDLConfig.hh">
			<Option compilerVar=""/>
			<Option compile="0"/>
			<Option link="0"/>
			<Option target="staticlib-debug"/>
			<Option target="test-debug"/>
			<Option target="staticlib-optimised"/>
		</Unit>
		<Unit filename="include\SDLCursor.hh">
			<Option compilerVar=""/>
			<Option compile="0"/>
			<Option link="0"/>
			<Option target="staticlib-debug"/>
			<Option target="staticlib-optimised"/>
			<Option target="test-debug"/>
		</Unit>
		<Unit filename="include\SDLDisplaySurface.hh">
			<Option compilerVar=""/>
			<Option compile="0"/>
			<Option link="0"/>
			<Option target="staticlib-debug"/>
			<Option target="staticlib-optimised"/>
			<Option target="test-debug"/>
		</Unit>
		<Unit filename="include\SDLEvent.hh">
			<Option compilerVar=""/>
			<Option compile="0"/>
			<Option link="0"/>
			<Option target="staticlib-debug"/>
			<Option target="staticlib-optimised"/>
			<Option target="test-debug"/>
		</Unit>
		<Unit filename="include\SDLEventHandler.hh">
			<Option compilerVar=""/>
			<Option compile="0"/>
			<Option link="0"/>
			<Option target="staticlib-debug"/>
			<Option target="staticlib-optimised"/>
			<Option target="test-debug"/>
		</Unit>
		<Unit filename="include\SDLGLManager.hh">
			<Option compilerVar=""/>
			<Option compile="0"/>
			<Option link="0"/>
			<Option target="staticlib-debug"/>
			<Option target="staticlib-optimised"/>
			<Option target="test-debug"/>
		</Unit>
		<Unit filename="include\SDLGLWindow.hh">
			<Option compilerVar=""/>
			<Option compile="0"/>
			<Option link="0"/>
			<Option target="staticlib-debug"/>
			<Option target="staticlib-optimised"/>
			<Option target="test-debug"/>
		</Unit>
		<Unit filename="include\SDLManager.hh">
			<Option compilerVar=""/>
			<Option compile="0"/>
			<Option link="0"/>
			<Option target="staticlib-debug"/>
			<Option target="staticlib-optimised"/>
			<Option target="test-debug"/>
		</Unit>
		<Unit filename="include\SDLOverlay.hh">
			<Option compilerVar=""/>
			<Option compile="0"/>
			<Option link="0"/>
			<Option target="staticlib-debug"/>
			<Option target="staticlib-optimised"/>
			<Option target="test-debug"/>
		</Unit>
		<Unit filename="include\SDLPixelFormat.hh">
			<Option compilerVar=""/>
			<Option compile="0"/>
			<Option link="0"/>
			<Option target="staticlib-debug"/>
			<Option target="staticlib-optimised"/>
			<Option target="test-debug"/>
		</Unit>
		<Unit filename="include\SDLPoint.hh">
			<Option compilerVar=""/>
			<Option compile="0"/>
			<Option link="0"/>
			<Option target="staticlib-debug"/>
			<Option target="staticlib-optimised"/>
			<Option target="test-debug"/>
		</Unit>
		<Unit filename="include\SDLRGBSurface.hh">
			<Option compilerVar=""/>
			<Option compile="0"/>
			<Option link="0"/>
			<Option target="staticlib-debug"/>
			<Option target="staticlib-optimised"/>
			<Option target="test-debug"/>
		</Unit>
		<Unit filename="include\SDLRect.hh">
			<Option compilerVar=""/>
			<Option compile="0"/>
			<Option link="0"/>
			<Option target="staticlib-debug"/>
			<Option target="staticlib-optimised"/>
			<Option target="test-debug"/>
		</Unit>
		<Unit filename="include\SDLSurfaceFactory.hh">
			<Option compilerVar=""/>
			<Option compile="0"/>
			<Option link="0"/>
			<Option target="staticlib-debug"/>
			<Option target="staticlib-optimised"/>
			<Option target="test-debug"/>
		</Unit>
		<Unit filename="include\SDLThreadedObject.hh">
			<Option compilerVar=""/>
			<Option compile="0"/>
			<Option link="0"/>
			<Option target="staticlib-debug"/>
			<Option target="staticlib-optimised"/>
			<Option target="test-debug"/>
		</Unit>
		<Unit filename="include\SDLVideoInfo.hh">
			<Option compilerVar=""/>
			<Option compile="0"/>
			<Option link="0"/>
			<Option target="staticlib-debug"/>
			<Option target="staticlib-optimised"/>
			<Option target="test-debug"/>
		</Unit>
		<Unit filename="include\SDLWindow.hh">
			<Option compilerVar=""/>
			<Option compile="0"/>
			<Option link="0"/>
			<Option target="staticlib-debug"/>
			<Option target="staticlib-optimised"/>
			<Option target="test-debug"/>
		</Unit>
		<Unit filename="include\SDLwrap.hh">
			<Option compilerVar=""/>
			<Option compile="0"/>
			<Option link="0"/>
			<Option target="staticlib-debug"/>
			<Option target="test-debug"/>
			<Option target="staticlib-optimised"/>
		</Unit>
		<Unit filename="src\Interface3D.cc">
			<Option compilerVar="CC"/>
			<Option target="staticlib-debug"/>
			<Option target="staticlib-optimised"/>
		</Unit>
		<Unit filename="src\SDLBaseSurface.cc">
			<Option compilerVar="CC"/>
			<Option target="staticlib-debug"/>
			<Option target="staticlib-optimised"/>
		</Unit>
		<Unit filename="src\SDLConfig.cc">
			<Option compilerVar="CC"/>
			<Option target="staticlib-debug"/>
			<Option target="staticlib-optimised"/>
		</Unit>
		<Unit filename="src\SDLCursor.cc">
			<Option compilerVar="CC"/>
			<Option target="staticlib-debug"/>
			<Option target="staticlib-optimised"/>
		</Unit>
		<Unit filename="src\SDLDisplaySurface.cc">
			<Option compilerVar="CC"/>
			<Option target="staticlib-debug"/>
			<Option target="staticlib-optimised"/>
		</Unit>
		<Unit filename="src\SDLEvent.cc">
			<Option compilerVar="CC"/>
			<Option target="staticlib-debug"/>
			<Option target="staticlib-optimised"/>
		</Unit>
		<Unit filename="src\SDLEventHandler.cc">
			<Option compilerVar="CC"/>
			<Option target="staticlib-debug"/>
			<Option target="staticlib-optimised"/>
		</Unit>
		<Unit filename="src\SDLGLManager.cc">
			<Option compilerVar="CC"/>
			<Option target="staticlib-debug"/>
			<Option target="staticlib-optimised"/>
		</Unit>
		<Unit filename="src\SDLGLWindow.cc">
			<Option compilerVar="CC"/>
			<Option target="staticlib-debug"/>
			<Option target="staticlib-optimised"/>
		</Unit>
		<Unit filename="src\SDLManager.cc">
			<Option compilerVar="CC"/>
			<Option target="staticlib-debug"/>
			<Option target="staticlib-optimised"/>
		</Unit>
		<Unit filename="src\SDLOverlay.cc">
			<Option compilerVar="CC"/>
			<Option target="staticlib-debug"/>
			<Option target="staticlib-optimised"/>
		</Unit>
		<Unit filename="src\SDLPixelFormat.cc">
			<Option compilerVar="CC"/>
			<Option target="staticlib-debug"/>
			<Option target="staticlib-optimised"/>
		</Unit>
		<Unit filename="src\SDLPoint.cc">
			<Option compilerVar="CC"/>
			<Option target="staticlib-debug"/>
			<Option target="staticlib-optimised"/>
		</Unit>
		<Unit filename="src\SDLRGBSurface.cc">
			<Option compilerVar="CC"/>
			<Option target="staticlib-debug"/>
			<Option target="staticlib-optimised"/>
		</Unit>
		<Unit filename="src\SDLRect.cc">
			<Option compilerVar="CC"/>
			<Option target="staticlib-debug"/>
			<Option target="staticlib-optimised"/>
		</Unit>
		<Unit filename="src\SDLSurfaceFactory.cc">
			<Option compilerVar="CC"/>
			<Option target="staticlib-debug"/>
			<Option target="staticlib-optimised"/>
		</Unit>
		<Unit filename="src\SDLVideoInfo.cc">
			<Option compilerVar="CC"/>
			<Option target="staticlib-debug"/>
			<Option target="staticlib-optimised"/>
		</Unit>
		<Unit filename="src\SDLWindow.cc">
			<Option compilerVar="CC"/>
			<Option target="staticlib-debug"/>
			<Option target="staticlib-optimised"/>
		</Unit>
		<Unit filename="test\SDLtest.cc">
			<Option compilerVar="CC"/>
			<Option target="test-debug"/>
		</Unit>
	</Project>
</Code::Blocks_project_file>
