<?xml version="1.0"?>
<!DOCTYPE CodeBlocks_project_file>
<CodeBlocks_project_file>
	<FileVersion major="1" minor="1"/>
	<Project>
		<Option title="SDLwrap"/>
		<Option makefile="Makefile"/>
		<Option makefile_is_custom="0"/>
		<Option default_target="1"/>
		<Option compiler="0"/>
		<Build>
			<Target title="static-NoOpenGL">
				<Option output="bin\libSDLwrap.NoGL.a"/>
				<Option working_dir=""/>
				<Option object_output="obj"/>
				<Option deps_output=".deps"/>
				<Option type="2"/>
				<Option compiler="0"/>
				<Option projectResourceIncludeDirsRelation="2"/>
				<Compiler>
					<Add option="-W"/>
				</Compiler>
			</Target>
			<Target title="staticlib-debug">
				<Option output="bin\libSDLwrap.debug.a"/>
				<Option working_dir=""/>
				<Option object_output="obj"/>
				<Option deps_output=".deps"/>
				<Option type="2"/>
				<Option compiler="0"/>
				<Option projectLinkerOptionsRelation="2"/>
				<Option projectIncludeDirsRelation="0"/>
				<Option projectResourceIncludeDirsRelation="2"/>
				<Compiler>
					<Add option="-Wall"/>
					<Add option="-g"/>
					<Add option="-DLOGPREFIX=\&quot;SDLwrap.debug\&quot;"/>
					<Add option="-DOPENGL"/>
				</Compiler>
				<Linker>
					<Add library="opengl32"/>
				</Linker>
			</Target>
			<Target title="test-debug">
				<Option output="test\SDLtest.exe"/>
				<Option working_dir="test"/>
				<Option object_output="obj"/>
				<Option deps_output=".deps"/>
				<Option type="1"/>
				<Option compiler="0"/>
				<Option projectLinkerOptionsRelation="2"/>
				<Option projectIncludeDirsRelation="0"/>
				<Option projectResourceIncludeDirsRelation="1"/>
				<Option projectLibDirsRelation="0"/>
				<Compiler>
					<Add option="-Wall"/>
					<Add option="-pg"/>
					<Add option="-g"/>
					<Add option="-DLOGPREFIX=\&quot;SDLwrap-test\&quot;"/>
					<Add option="-DOPENGL"/>
				</Compiler>
				<Linker>
					<Add option="-pg -lgmon"/>
					<Add library="bin\libSDLwrap.debug.a"/>
					<Add library="opengl32"/>
				</Linker>
			</Target>
			<Target title="staticlib-optimised">
				<Option output="bin\libSDLwrap.a"/>
				<Option working_dir=""/>
				<Option object_output="obj"/>
				<Option deps_output=".deps"/>
				<Option type="2"/>
				<Option compiler="0"/>
				<Option projectLinkerOptionsRelation="2"/>
				<Option projectIncludeDirsRelation="0"/>
				<Option projectResourceIncludeDirsRelation="2"/>
				<Option projectLibDirsRelation="0"/>
				<Compiler>
					<Add option="-fexpensive-optimizations"/>
					<Add option="-Os"/>
					<Add option="-O3"/>
					<Add option="-O2"/>
					<Add option="-O1"/>
					<Add option="-O"/>
					<Add option="-W"/>
					<Add option="-DLOGPREFIX=\&quot;SDLwrap\&quot;"/>
					<Add option="-DOPENGL"/>
				</Compiler>
				<Linker>
					<Add option="-s"/>
					<Add library="opengl32"/>
				</Linker>
			</Target>
			<Target title="checkkeys">
				<Option output="test\checkkeys.exe"/>
				<Option working_dir="test"/>
				<Option object_output="obj"/>
				<Option deps_output=".deps"/>
				<Option type="1"/>
				<Option compiler="0"/>
				<Option projectLinkerOptionsRelation="2"/>
				<Option projectIncludeDirsRelation="0"/>
				<Option projectResourceIncludeDirsRelation="1"/>
				<Option projectLibDirsRelation="0"/>
				<Compiler>
					<Add option="-Wall"/>
					<Add option="-pg"/>
					<Add option="-g"/>
					<Add option="-DOPENGL"/>
				</Compiler>
				<Linker>
					<Add option="-pg -lgmon"/>
					<Add library="bin\libSDLwrap.a"/>
				</Linker>
			</Target>
			<Target title="graywin">
				<Option output="test\graywin.exe"/>
				<Option working_dir="test"/>
				<Option object_output="obj"/>
				<Option deps_output=".deps"/>
				<Option type="1"/>
				<Option compiler="0"/>
				<Option projectLinkerOptionsRelation="2"/>
				<Option projectResourceIncludeDirsRelation="1"/>
				<Compiler>
					<Add option="-Wall"/>
					<Add option="-pg"/>
					<Add option="-g"/>
					<Add option="-DOPENGL"/>
				</Compiler>
				<Linker>
					<Add option="-pg -lgmon"/>
					<Add library="bin\libSDLwrap.a"/>
				</Linker>
			</Target>
			<Target title="loopwave">
				<Option output="test\loopwave.exe"/>
				<Option working_dir="test"/>
				<Option object_output="obj"/>
				<Option deps_output=".deps"/>
				<Option type="1"/>
				<Option compiler="0"/>
				<Option parameters="sample.wav"/>
				<Option projectLinkerOptionsRelation="2"/>
				<Option projectResourceIncludeDirsRelation="1"/>
				<Compiler>
					<Add option="-Wall"/>
					<Add option="-pg"/>
					<Add option="-g"/>
					<Add option="-DOPENGL"/>
				</Compiler>
				<Linker>
					<Add option="-pg -lgmon"/>
					<Add library="bin\libSDLwrap.a"/>
				</Linker>
			</Target>
			<Target title="testalpha">
				<Option output="test\testalpha.exe"/>
				<Option working_dir="test"/>
				<Option object_output="obj"/>
				<Option deps_output=".deps"/>
				<Option type="1"/>
				<Option compiler="0"/>
				<Option projectLinkerOptionsRelation="2"/>
				<Option projectResourceIncludeDirsRelation="1"/>
				<Compiler>
					<Add option="-Wall"/>
					<Add option="-pg"/>
					<Add option="-g"/>
					<Add option="-DOPENGL"/>
				</Compiler>
				<Linker>
					<Add option="-pg -lgmon"/>
					<Add library="bin\libSDLwrap.a"/>
				</Linker>
			</Target>
			<Target title="testbitmap">
				<Option output="test\testbitmap.exe"/>
				<Option working_dir="test"/>
				<Option object_output="obj"/>
				<Option deps_output=".deps"/>
				<Option type="1"/>
				<Option compiler="0"/>
				<Option projectLinkerOptionsRelation="2"/>
				<Option projectResourceIncludeDirsRelation="1"/>
				<Compiler>
					<Add option="-Wall"/>
					<Add option="-pg"/>
					<Add option="-g"/>
				</Compiler>
				<Linker>
					<Add option="-pg -lgmon"/>
					<Add library="bin\libSDLwrap.a"/>
				</Linker>
			</Target>
			<Target title="testblitspeed">
				<Option output="test\testblitspeed.exe"/>
				<Option working_dir="test"/>
				<Option object_output="obj"/>
				<Option deps_output=".deps"/>
				<Option type="1"/>
				<Option compiler="0"/>
				<Option projectLinkerOptionsRelation="2"/>
				<Option projectResourceIncludeDirsRelation="1"/>
				<Compiler>
					<Add option="-Wall"/>
					<Add option="-pg"/>
					<Add option="-g"/>
					<Add option="-DOPENGL"/>
				</Compiler>
				<Linker>
					<Add option="-pg -lgmon"/>
					<Add library="bin\libSDLwrap.a"/>
				</Linker>
			</Target>
			<Target title="testcdrom">
				<Option output="test\testcdrom.exe"/>
				<Option working_dir="test"/>
				<Option object_output="obj"/>
				<Option deps_output=".deps"/>
				<Option type="1"/>
				<Option compiler="0"/>
				<Option projectLinkerOptionsRelation="2"/>
				<Option projectResourceIncludeDirsRelation="1"/>
				<Compiler>
					<Add option="-Wall"/>
					<Add option="-pg"/>
					<Add option="-g"/>
					<Add option="-DOPENGL"/>
				</Compiler>
				<Linker>
					<Add option="-pg -lgmon"/>
					<Add library="bin\libSDLwrap.a"/>
				</Linker>
			</Target>
			<Target title="testcpuinfo">
				<Option output="test\testcpuinfo.exe"/>
				<Option working_dir="test"/>
				<Option object_output="obj"/>
				<Option deps_output=".deps"/>
				<Option type="1"/>
				<Option compiler="0"/>
				<Option includeInTargetAll="0"/>
				<Option projectLinkerOptionsRelation="2"/>
				<Option projectResourceIncludeDirsRelation="1"/>
				<Compiler>
					<Add option="-Wall"/>
					<Add option="-pg"/>
					<Add option="-g"/>
					<Add option="-DOPENGL"/>
				</Compiler>
				<Linker>
					<Add option="-pg -lgmon"/>
					<Add library="bin\libSDLwrap.a"/>
				</Linker>
			</Target>
			<Target title="testdyngl">
				<Option output="test\testdyngl.exe"/>
				<Option working_dir="test"/>
				<Option object_output="obj"/>
				<Option deps_output=".deps"/>
				<Option type="1"/>
				<Option compiler="0"/>
				<Option includeInTargetAll="0"/>
				<Option projectLinkerOptionsRelation="2"/>
				<Option projectResourceIncludeDirsRelation="1"/>
				<Compiler>
					<Add option="-Wall"/>
					<Add option="-pg"/>
					<Add option="-g"/>
					<Add option="-DHAVE_OPENGL"/>
				</Compiler>
				<Linker>
					<Add option="-pg -lgmon"/>
					<Add library="bin\libSDLwrap.a"/>
				</Linker>
			</Target>
		</Build>
		<Compiler>
			<Add option="-W"/>
			<Add option="-DLOGINDENTLVL=1"/>
			<Add directory="include"/>
			<Add directory="..\Common\include"/>
		</Compiler>
		<Linker>
			<Add library="SDL"/>
			<Add library="SDLmain"/>
		</Linker>
		<Unit filename="..\Common\include\Logger.hh">
			<Option compilerVar=""/>
			<Option compile="0"/>
			<Option link="0"/>
			<Option target="staticlib-debug"/>
			<Option target="test-debug"/>
			<Option target="staticlib-optimised"/>
			<Option target="static-NoOpenGL"/>
			<Option target="checkkeys"/>
			<Option target="graywin"/>
			<Option target="loopwave"/>
			<Option target="testalpha"/>
			<Option target="testbitmap"/>
			<Option target="testblitspeed"/>
			<Option target="testcdrom"/>
			<Option target="testcpuinfo"/>
			<Option target="testdyngl"/>
		</Unit>
		<Unit filename="include\Interface3D.hh">
			<Option compilerVar=""/>
			<Option compile="0"/>
			<Option link="0"/>
			<Option target="staticlib-debug"/>
			<Option target="staticlib-optimised"/>
			<Option target="test-debug"/>
			<Option target="static-NoOpenGL"/>
			<Option target="checkkeys"/>
			<Option target="graywin"/>
			<Option target="loopwave"/>
			<Option target="testalpha"/>
			<Option target="testbitmap"/>
			<Option target="testblitspeed"/>
			<Option target="testcdrom"/>
			<Option target="testcpuinfo"/>
			<Option target="testdyngl"/>
		</Unit>
		<Unit filename="include\SDLBaseSurface.hh">
			<Option compilerVar=""/>
			<Option compile="0"/>
			<Option link="0"/>
			<Option target="staticlib-debug"/>
			<Option target="staticlib-optimised"/>
			<Option target="test-debug"/>
			<Option target="static-NoOpenGL"/>
			<Option target="checkkeys"/>
			<Option target="graywin"/>
			<Option target="loopwave"/>
			<Option target="testalpha"/>
			<Option target="testbitmap"/>
			<Option target="testblitspeed"/>
			<Option target="testcdrom"/>
			<Option target="testcpuinfo"/>
			<Option target="testdyngl"/>
		</Unit>
		<Unit filename="include\SDLCDRom.hh">
			<Option compilerVar=""/>
			<Option compile="0"/>
			<Option link="0"/>
			<Option target="static-NoOpenGL"/>
			<Option target="staticlib-debug"/>
			<Option target="test-debug"/>
			<Option target="staticlib-optimised"/>
			<Option target="checkkeys"/>
			<Option target="graywin"/>
			<Option target="loopwave"/>
			<Option target="testalpha"/>
			<Option target="testbitmap"/>
			<Option target="testblitspeed"/>
			<Option target="testcdrom"/>
			<Option target="testcpuinfo"/>
			<Option target="testdyngl"/>
		</Unit>
		<Unit filename="include\SDLColor.hh">
			<Option compilerVar=""/>
			<Option compile="0"/>
			<Option link="0"/>
			<Option target="staticlib-debug"/>
			<Option target="staticlib-optimised"/>
			<Option target="test-debug"/>
			<Option target="static-NoOpenGL"/>
			<Option target="checkkeys"/>
			<Option target="graywin"/>
			<Option target="loopwave"/>
			<Option target="testalpha"/>
			<Option target="testbitmap"/>
			<Option target="testblitspeed"/>
			<Option target="testcdrom"/>
			<Option target="testcpuinfo"/>
			<Option target="testdyngl"/>
		</Unit>
		<Unit filename="include\SDLConfig.hh">
			<Option compilerVar=""/>
			<Option compile="0"/>
			<Option link="0"/>
			<Option target="staticlib-debug"/>
			<Option target="test-debug"/>
			<Option target="staticlib-optimised"/>
			<Option target="static-NoOpenGL"/>
			<Option target="checkkeys"/>
			<Option target="graywin"/>
			<Option target="loopwave"/>
			<Option target="testalpha"/>
			<Option target="testbitmap"/>
			<Option target="testblitspeed"/>
			<Option target="testcdrom"/>
			<Option target="testcpuinfo"/>
			<Option target="testdyngl"/>
		</Unit>
		<Unit filename="include\SDLCursor.hh">
			<Option compilerVar=""/>
			<Option compile="0"/>
			<Option link="0"/>
			<Option target="staticlib-debug"/>
			<Option target="staticlib-optimised"/>
			<Option target="test-debug"/>
			<Option target="static-NoOpenGL"/>
			<Option target="checkkeys"/>
			<Option target="graywin"/>
			<Option target="loopwave"/>
			<Option target="testalpha"/>
			<Option target="testbitmap"/>
			<Option target="testblitspeed"/>
			<Option target="testcdrom"/>
			<Option target="testcpuinfo"/>
			<Option target="testdyngl"/>
		</Unit>
		<Unit filename="include\SDLDisplaySurface.hh">
			<Option compilerVar=""/>
			<Option compile="0"/>
			<Option link="0"/>
			<Option target="staticlib-debug"/>
			<Option target="staticlib-optimised"/>
			<Option target="test-debug"/>
			<Option target="static-NoOpenGL"/>
			<Option target="checkkeys"/>
			<Option target="graywin"/>
			<Option target="loopwave"/>
			<Option target="testalpha"/>
			<Option target="testbitmap"/>
			<Option target="testblitspeed"/>
			<Option target="testcdrom"/>
			<Option target="testcpuinfo"/>
			<Option target="testdyngl"/>
		</Unit>
		<Unit filename="include\SDLEvent.hh">
			<Option compilerVar=""/>
			<Option compile="0"/>
			<Option link="0"/>
			<Option target="staticlib-debug"/>
			<Option target="staticlib-optimised"/>
			<Option target="test-debug"/>
			<Option target="static-NoOpenGL"/>
			<Option target="checkkeys"/>
			<Option target="graywin"/>
			<Option target="loopwave"/>
			<Option target="testalpha"/>
			<Option target="testbitmap"/>
			<Option target="testblitspeed"/>
			<Option target="testcdrom"/>
			<Option target="testcpuinfo"/>
			<Option target="testdyngl"/>
		</Unit>
		<Unit filename="include\SDLEventHandler.hh">
			<Option compilerVar=""/>
			<Option compile="0"/>
			<Option link="0"/>
			<Option target="staticlib-debug"/>
			<Option target="staticlib-optimised"/>
			<Option target="test-debug"/>
			<Option target="static-NoOpenGL"/>
			<Option target="checkkeys"/>
			<Option target="graywin"/>
			<Option target="loopwave"/>
			<Option target="testalpha"/>
			<Option target="testbitmap"/>
			<Option target="testblitspeed"/>
			<Option target="testcdrom"/>
			<Option target="testcpuinfo"/>
			<Option target="testdyngl"/>
		</Unit>
		<Unit filename="include\SDLGLManager.hh">
			<Option compilerVar=""/>
			<Option compile="0"/>
			<Option link="0"/>
			<Option target="staticlib-debug"/>
			<Option target="staticlib-optimised"/>
			<Option target="test-debug"/>
			<Option target="static-NoOpenGL"/>
			<Option target="checkkeys"/>
			<Option target="graywin"/>
			<Option target="loopwave"/>
			<Option target="testalpha"/>
			<Option target="testbitmap"/>
			<Option target="testblitspeed"/>
			<Option target="testcdrom"/>
			<Option target="testcpuinfo"/>
			<Option target="testdyngl"/>
		</Unit>
		<Unit filename="include\SDLGLWindow.hh">
			<Option compilerVar=""/>
			<Option compile="0"/>
			<Option link="0"/>
			<Option target="staticlib-debug"/>
			<Option target="staticlib-optimised"/>
			<Option target="test-debug"/>
			<Option target="static-NoOpenGL"/>
			<Option target="checkkeys"/>
			<Option target="graywin"/>
			<Option target="loopwave"/>
			<Option target="testalpha"/>
			<Option target="testbitmap"/>
			<Option target="testblitspeed"/>
			<Option target="testcdrom"/>
			<Option target="testcpuinfo"/>
			<Option target="testdyngl"/>
		</Unit>
		<Unit filename="include\SDLManager.hh">
			<Option compilerVar=""/>
			<Option compile="0"/>
			<Option link="0"/>
			<Option target="staticlib-debug"/>
			<Option target="staticlib-optimised"/>
			<Option target="test-debug"/>
			<Option target="static-NoOpenGL"/>
			<Option target="checkkeys"/>
			<Option target="graywin"/>
			<Option target="loopwave"/>
			<Option target="testalpha"/>
			<Option target="testbitmap"/>
			<Option target="testblitspeed"/>
			<Option target="testcdrom"/>
			<Option target="testcpuinfo"/>
			<Option target="testdyngl"/>
		</Unit>
		<Unit filename="include\SDLOverlay.hh">
			<Option compilerVar=""/>
			<Option compile="0"/>
			<Option link="0"/>
			<Option target="staticlib-debug"/>
			<Option target="staticlib-optimised"/>
			<Option target="test-debug"/>
			<Option target="static-NoOpenGL"/>
			<Option target="checkkeys"/>
			<Option target="graywin"/>
			<Option target="loopwave"/>
			<Option target="testalpha"/>
			<Option target="testbitmap"/>
			<Option target="testblitspeed"/>
			<Option target="testcdrom"/>
			<Option target="testcpuinfo"/>
			<Option target="testdyngl"/>
		</Unit>
		<Unit filename="include\SDLPixelFormat.hh">
			<Option compilerVar=""/>
			<Option compile="0"/>
			<Option link="0"/>
			<Option target="staticlib-debug"/>
			<Option target="staticlib-optimised"/>
			<Option target="test-debug"/>
			<Option target="static-NoOpenGL"/>
			<Option target="checkkeys"/>
			<Option target="graywin"/>
			<Option target="loopwave"/>
			<Option target="testalpha"/>
			<Option target="testbitmap"/>
			<Option target="testblitspeed"/>
			<Option target="testcdrom"/>
			<Option target="testcpuinfo"/>
			<Option target="testdyngl"/>
		</Unit>
		<Unit filename="include\SDLPoint.hh">
			<Option compilerVar=""/>
			<Option compile="0"/>
			<Option link="0"/>
			<Option target="staticlib-debug"/>
			<Option target="staticlib-optimised"/>
			<Option target="test-debug"/>
			<Option target="static-NoOpenGL"/>
			<Option target="checkkeys"/>
			<Option target="graywin"/>
			<Option target="loopwave"/>
			<Option target="testalpha"/>
			<Option target="testbitmap"/>
			<Option target="testblitspeed"/>
			<Option target="testcdrom"/>
			<Option target="testcpuinfo"/>
			<Option target="testdyngl"/>
		</Unit>
		<Unit filename="include\SDLRGBSurface.hh">
			<Option compilerVar=""/>
			<Option compile="0"/>
			<Option link="0"/>
			<Option target="staticlib-debug"/>
			<Option target="staticlib-optimised"/>
			<Option target="test-debug"/>
			<Option target="static-NoOpenGL"/>
			<Option target="checkkeys"/>
			<Option target="graywin"/>
			<Option target="loopwave"/>
			<Option target="testalpha"/>
			<Option target="testbitmap"/>
			<Option target="testblitspeed"/>
			<Option target="testcdrom"/>
			<Option target="testcpuinfo"/>
			<Option target="testdyngl"/>
		</Unit>
		<Unit filename="include\SDLRect.hh">
			<Option compilerVar=""/>
			<Option compile="0"/>
			<Option link="0"/>
			<Option target="staticlib-debug"/>
			<Option target="staticlib-optimised"/>
			<Option target="test-debug"/>
			<Option target="static-NoOpenGL"/>
			<Option target="checkkeys"/>
			<Option target="graywin"/>
			<Option target="loopwave"/>
			<Option target="testalpha"/>
			<Option target="testbitmap"/>
			<Option target="testblitspeed"/>
			<Option target="testcdrom"/>
			<Option target="testcpuinfo"/>
			<Option target="testdyngl"/>
		</Unit>
		<Unit filename="include\SDLSurfaceFactory.hh">
			<Option compilerVar=""/>
			<Option compile="0"/>
			<Option link="0"/>
			<Option target="staticlib-debug"/>
			<Option target="staticlib-optimised"/>
			<Option target="test-debug"/>
			<Option target="static-NoOpenGL"/>
			<Option target="checkkeys"/>
			<Option target="graywin"/>
			<Option target="loopwave"/>
			<Option target="testalpha"/>
			<Option target="testbitmap"/>
			<Option target="testblitspeed"/>
			<Option target="testcdrom"/>
			<Option target="testcpuinfo"/>
			<Option target="testdyngl"/>
		</Unit>
		<Unit filename="include\SDLTimer.hh">
			<Option compilerVar=""/>
			<Option compile="0"/>
			<Option link="0"/>
			<Option target="static-NoOpenGL"/>
			<Option target="staticlib-debug"/>
			<Option target="test-debug"/>
			<Option target="staticlib-optimised"/>
			<Option target="checkkeys"/>
			<Option target="graywin"/>
			<Option target="loopwave"/>
			<Option target="testalpha"/>
			<Option target="testbitmap"/>
			<Option target="testblitspeed"/>
			<Option target="testcdrom"/>
			<Option target="testcpuinfo"/>
			<Option target="testdyngl"/>
		</Unit>
		<Unit filename="include\SDLVideoInfo.hh">
			<Option compilerVar=""/>
			<Option compile="0"/>
			<Option link="0"/>
			<Option target="staticlib-debug"/>
			<Option target="staticlib-optimised"/>
			<Option target="test-debug"/>
			<Option target="static-NoOpenGL"/>
			<Option target="checkkeys"/>
			<Option target="graywin"/>
			<Option target="loopwave"/>
			<Option target="testalpha"/>
			<Option target="testbitmap"/>
			<Option target="testblitspeed"/>
			<Option target="testcdrom"/>
			<Option target="testcpuinfo"/>
			<Option target="testdyngl"/>
		</Unit>
		<Unit filename="include\SDLWindow.hh">
			<Option compilerVar=""/>
			<Option compile="0"/>
			<Option link="0"/>
			<Option target="staticlib-debug"/>
			<Option target="staticlib-optimised"/>
			<Option target="test-debug"/>
			<Option target="static-NoOpenGL"/>
			<Option target="checkkeys"/>
			<Option target="graywin"/>
			<Option target="loopwave"/>
			<Option target="testalpha"/>
			<Option target="testbitmap"/>
			<Option target="testblitspeed"/>
			<Option target="testcdrom"/>
			<Option target="testcpuinfo"/>
			<Option target="testdyngl"/>
		</Unit>
		<Unit filename="include\SDLwrap.hh">
			<Option compilerVar=""/>
			<Option compile="0"/>
			<Option link="0"/>
			<Option target="staticlib-debug"/>
			<Option target="test-debug"/>
			<Option target="staticlib-optimised"/>
			<Option target="static-NoOpenGL"/>
			<Option target="checkkeys"/>
			<Option target="graywin"/>
			<Option target="loopwave"/>
			<Option target="testalpha"/>
			<Option target="testbitmap"/>
			<Option target="testblitspeed"/>
			<Option target="testcdrom"/>
			<Option target="testcpuinfo"/>
			<Option target="testdyngl"/>
		</Unit>
		<Unit filename="src\Interface3D.cc">
			<Option compilerVar="CC"/>
			<Option target="staticlib-debug"/>
			<Option target="staticlib-optimised"/>
			<Option target="static-NoOpenGL"/>
		</Unit>
		<Unit filename="src\SDLBaseSurface.cc">
			<Option compilerVar="CC"/>
			<Option target="staticlib-debug"/>
			<Option target="staticlib-optimised"/>
			<Option target="static-NoOpenGL"/>
		</Unit>
		<Unit filename="src\SDLCDRom.cc">
			<Option compilerVar="CC"/>
			<Option target="static-NoOpenGL"/>
			<Option target="staticlib-debug"/>
			<Option target="staticlib-optimised"/>
		</Unit>
		<Unit filename="src\SDLConfig.cc">
			<Option compilerVar="CC"/>
			<Option target="staticlib-debug"/>
			<Option target="staticlib-optimised"/>
			<Option target="static-NoOpenGL"/>
		</Unit>
		<Unit filename="src\SDLCursor.cc">
			<Option compilerVar="CC"/>
			<Option target="staticlib-debug"/>
			<Option target="staticlib-optimised"/>
			<Option target="static-NoOpenGL"/>
		</Unit>
		<Unit filename="src\SDLDisplaySurface.cc">
			<Option compilerVar="CC"/>
			<Option target="staticlib-debug"/>
			<Option target="staticlib-optimised"/>
			<Option target="static-NoOpenGL"/>
		</Unit>
		<Unit filename="src\SDLEvent.cc">
			<Option compilerVar="CC"/>
			<Option target="staticlib-debug"/>
			<Option target="staticlib-optimised"/>
			<Option target="static-NoOpenGL"/>
		</Unit>
		<Unit filename="src\SDLEventHandler.cc">
			<Option compilerVar="CC"/>
			<Option target="staticlib-debug"/>
			<Option target="staticlib-optimised"/>
			<Option target="static-NoOpenGL"/>
		</Unit>
		<Unit filename="src\SDLGLManager.cc">
			<Option compilerVar="CC"/>
			<Option target="staticlib-debug"/>
			<Option target="staticlib-optimised"/>
			<Option target="static-NoOpenGL"/>
		</Unit>
		<Unit filename="src\SDLGLWindow.cc">
			<Option compilerVar="CC"/>
			<Option target="staticlib-debug"/>
			<Option target="staticlib-optimised"/>
			<Option target="static-NoOpenGL"/>
		</Unit>
		<Unit filename="src\SDLManager.cc">
			<Option compilerVar="CC"/>
			<Option target="staticlib-debug"/>
			<Option target="staticlib-optimised"/>
			<Option target="static-NoOpenGL"/>
		</Unit>
		<Unit filename="src\SDLOverlay.cc">
			<Option compilerVar="CC"/>
			<Option target="staticlib-debug"/>
			<Option target="staticlib-optimised"/>
			<Option target="static-NoOpenGL"/>
		</Unit>
		<Unit filename="src\SDLPixelFormat.cc">
			<Option compilerVar="CC"/>
			<Option target="staticlib-debug"/>
			<Option target="staticlib-optimised"/>
			<Option target="static-NoOpenGL"/>
		</Unit>
		<Unit filename="src\SDLPoint.cc">
			<Option compilerVar="CC"/>
			<Option target="staticlib-debug"/>
			<Option target="staticlib-optimised"/>
			<Option target="static-NoOpenGL"/>
		</Unit>
		<Unit filename="src\SDLRGBSurface.cc">
			<Option compilerVar="CC"/>
			<Option target="staticlib-debug"/>
			<Option target="staticlib-optimised"/>
			<Option target="static-NoOpenGL"/>
		</Unit>
		<Unit filename="src\SDLRect.cc">
			<Option compilerVar="CC"/>
			<Option target="staticlib-debug"/>
			<Option target="staticlib-optimised"/>
			<Option target="static-NoOpenGL"/>
		</Unit>
		<Unit filename="src\SDLSurfaceFactory.cc">
			<Option compilerVar="CC"/>
			<Option target="staticlib-debug"/>
			<Option target="staticlib-optimised"/>
			<Option target="static-NoOpenGL"/>
		</Unit>
		<Unit filename="src\SDLVideoInfo.cc">
			<Option compilerVar="CC"/>
			<Option target="staticlib-debug"/>
			<Option target="staticlib-optimised"/>
			<Option target="static-NoOpenGL"/>
		</Unit>
		<Unit filename="src\SDLWindow.cc">
			<Option compilerVar="CC"/>
			<Option target="staticlib-debug"/>
			<Option target="staticlib-optimised"/>
			<Option target="static-NoOpenGL"/>
		</Unit>
		<Unit filename="test\SDLtest.cc">
			<Option compilerVar="CC"/>
			<Option target="test-debug"/>
		</Unit>
		<Unit filename="test\checkkeys.cc">
			<Option compilerVar="CC"/>
			<Option target="checkkeys"/>
		</Unit>
		<Unit filename="test\graywin.cc">
			<Option compilerVar="CC"/>
			<Option target="graywin"/>
		</Unit>
		<Unit filename="test\loopwave.cc">
			<Option compilerVar="CC"/>
			<Option target="loopwave"/>
		</Unit>
		<Unit filename="test\testalpha.cc">
			<Option compilerVar="CC"/>
			<Option target="testalpha"/>
		</Unit>
		<Unit filename="test\testbitmap.cc">
			<Option compilerVar="CC"/>
			<Option target="testbitmap"/>
		</Unit>
		<Unit filename="test\testblitspeed.cc">
			<Option compilerVar="CC"/>
			<Option target="testblitspeed"/>
		</Unit>
		<Unit filename="test\testcdrom.cc">
			<Option compilerVar="CC"/>
			<Option target="testcdrom"/>
		</Unit>
		<Unit filename="test\testcpuinfo.cc">
			<Option compilerVar="CC"/>
			<Option target="testcpuinfo"/>
		</Unit>
		<Unit filename="test\testdyngl.cc">
			<Option compilerVar="CC"/>
			<Option target="testdyngl"/>
		</Unit>
	</Project>
</CodeBlocks_project_file>
